Microsoft Visual Studio Solution File, Format Version 12.00
# Visual Studio 2012
Project("{FAE04EC0-301F-11D3-BF4B-00C04F79EFBC}") = "Realdog eats the world", "Realdog eats the world.csproj", "{942A5A59-8AD4-48C7-B310-42901B50B4E8}"
EndProject
Global
	GlobalSection(SolutionConfigurationPlatforms) = preSolution
	Debug|Any CPU = Debug|Any CPU
	ExportDebug|Any CPU = ExportDebug|Any CPU
	ExportRelease|Any CPU = ExportRelease|Any CPU
	EndGlobalSection
	GlobalSection(ProjectConfigurationPlatforms) = postSolution
		{942A5A59-8AD4-48C7-B310-42901B50B4E8}.Debug|Any CPU.ActiveCfg = Debug|Any CPU
		{942A5A59-8AD4-48C7-B310-42901B50B4E8}.Debug|Any CPU.Build.0 = Debug|Any CPU
		{942A5A59-8AD4-48C7-B310-42901B50B4E8}.ExportDebug|Any CPU.ActiveCfg = ExportDebug|Any CPU
		{942A5A59-8AD4-48C7-B310-42901B50B4E8}.ExportDebug|Any CPU.Build.0 = ExportDebug|Any CPU
		{942A5A59-8AD4-48C7-B310-42901B50B4E8}.ExportRelease|Any CPU.ActiveCfg = ExportRelease|Any CPU
		{942A5A59-8AD4-48C7-B310-42901B50B4E8}.ExportRelease|Any CPU.Build.0 = ExportRelease|Any CPU
	EndGlobalSection
EndGlobal
